
Microsoft Visual Studio Solution File, Format Version 12.00
# Visual Studio Version 17
VisualStudioVersion = 17.1.32421.90
MinimumVisualStudioVersion = 10.0.40219.1
Project("{9A19103F-16F7-4668-BE54-9A1E7A4F7556}") = "memo-backend-net", "memo-backend-net.csproj", "{FC8FAE9C-C7DD-4AD4-B753-FD9315C2A399}"
EndProject
Global
	GlobalSection(SolutionConfigurationPlatforms) = preSolution
		Debug|Any CPU = Debug|Any CPU
		Release|Any CPU = Release|Any CPU
	EndGlobalSection
	GlobalSection(ProjectConfigurationPlatforms) = postSolution
		{FC8FAE9C-C7DD-4AD4-B753-FD9315C2A399}.Debug|Any CPU.ActiveCfg = Debug|Any CPU
		{FC8FAE9C-C7DD-4AD4-B753-FD9315C2A399}.Debug|Any CPU.Build.0 = Debug|Any CPU
		{FC8FAE9C-C7DD-4AD4-B753-FD9315C2A399}.Release|Any CPU.ActiveCfg = Release|Any CPU
		{FC8FAE9C-C7DD-4AD4-B753-FD9315C2A399}.Release|Any CPU.Build.0 = Release|Any CPU
	EndGlobalSection
	GlobalSection(SolutionProperties) = preSolution
		HideSolutionNode = FALSE
	EndGlobalSection
	GlobalSection(ExtensibilityGlobals) = postSolution
		SolutionGuid = {6FAAF93D-B478-459E-9D22-BF83D8299638}
	EndGlobalSection
EndGlobal
